// !$*UTF8*$!
{
	archiveVersion = 1;
	classes = {
	};
	objectVersion = 50;
	objects = {

/* Begin PBXBuildFile section */
		1809938622EB981F006507A8 /* AppDelegate.swift in Sources */ = {isa = PBXBuildFile; fileRef = 1809938522EB981F006507A8 /* AppDelegate.swift */; };
		1809938822EB981F006507A8 /* ViewController.swift in Sources */ = {isa = PBXBuildFile; fileRef = 1809938722EB981F006507A8 /* ViewController.swift */; };
		1809938B22EB981F006507A8 /* Main.storyboard in Resources */ = {isa = PBXBuildFile; fileRef = 1809938922EB981F006507A8 /* Main.storyboard */; };
		1809938D22EB9821006507A8 /* Assets.xcassets in Resources */ = {isa = PBXBuildFile; fileRef = 1809938C22EB9821006507A8 /* Assets.xcassets */; };
		1809939022EB9821006507A8 /* LaunchScreen.storyboard in Resources */ = {isa = PBXBuildFile; fileRef = 1809938E22EB9821006507A8 /* LaunchScreen.storyboard */; };
		1809939B22EB9821006507A8 /* SegwayPracticeTests.swift in Sources */ = {isa = PBXBuildFile; fileRef = 1809939A22EB9821006507A8 /* SegwayPracticeTests.swift */; };
		180993A622EB9821006507A8 /* SegwayPracticeUITests.swift in Sources */ = {isa = PBXBuildFile; fileRef = 180993A522EB9821006507A8 /* SegwayPracticeUITests.swift */; };
/* End PBXBuildFile section */

/* Begin PBXContainerItemProxy section */
		1809939722EB9821006507A8 /* PBXContainerItemProxy */ = {
			isa = PBXContainerItemProxy;
			containerPortal = 1809937A22EB981F006507A8 /* Project object */;
			proxyType = 1;
			remoteGlobalIDString = 1809938122EB981F006507A8;
			remoteInfo = SegwayPractice;
		};
		180993A222EB9821006507A8 /* PBXContainerItemProxy */ = {
			isa = PBXContainerItemProxy;
			containerPortal = 1809937A22EB981F006507A8 /* Project object */;
			proxyType = 1;
			remoteGlobalIDString = 1809938122EB981F006507A8;
			remoteInfo = SegwayPractice;
		};
/* End PBXContainerItemProxy section */

/* Begin PBXFileReference section */
		1809938222EB981F006507A8 /* SegwayPractice.app */ = {isa = PBXFileReference; explicitFileType = wrapper.application; includeInIndex = 0; path = SegwayPractice.app; sourceTree = BUILT_PRODUCTS_DIR; };
		1809938522EB981F006507A8 /* AppDelegate.swift */ = {isa = PBXFileReference; lastKnownFileType = sourcecode.swift; path = AppDelegate.swift; sourceTree = "<group>"; };
		1809938722EB981F006507A8 /* ViewController.swift */ = {isa = PBXFileReference; lastKnownFileType = sourcecode.swift; path = ViewController.swift; sourceTree = "<group>"; };
		1809938A22EB981F006507A8 /* Base */ = {isa = PBXFileReference; lastKnownFileType = file.storyboard; name = Base; path = Base.lproj/Main.storyboard; sourceTree = "<group>"; };
		1809938C22EB9821006507A8 /* Assets.xcassets */ = {isa = PBXFileReference; lastKnownFileType = folder.assetcatalog; path = Assets.xcassets; sourceTree = "<group>"; };
		1809938F22EB9821006507A8 /* Base */ = {isa = PBXFileReference; lastKnownFileType = file.storyboard; name = Base; path = Base.lproj/LaunchScreen.storyboard; sourceTree = "<group>"; };
		1809939122EB9821006507A8 /* Info.plist */ = {isa = PBXFileReference; lastKnownFileType = text.plist.xml; path = Info.plist; sourceTree = "<group>"; };
		1809939622EB9821006507A8 /* SegwayPracticeTests.xctest */ = {isa = PBXFileReference; explicitFileType = wrapper.cfbundle; includeInIndex = 0; path = SegwayPracticeTests.xctest; sourceTree = BUILT_PRODUCTS_DIR; };
		1809939A22EB9821006507A8 /* SegwayPracticeTests.swift */ = {isa = PBXFileReference; lastKnownFileType = sourcecode.swift; path = SegwayPracticeTests.swift; sourceTree = "<group>"; };
		1809939C22EB9821006507A8 /* Info.plist */ = {isa = PBXFileReference; lastKnownFileType = text.plist.xml; path = Info.plist; sourceTree = "<group>"; };
		180993A122EB9821006507A8 /* SegwayPracticeUITests.xctest */ = {isa = PBXFileReference; explicitFileType = wrapper.cfbundle; includeInIndex = 0; path = SegwayPracticeUITests.xctest; sourceTree = BUILT_PRODUCTS_DIR; };
		180993A522EB9821006507A8 /* SegwayPracticeUITests.swift */ = {isa = PBXFileReference; lastKnownFileType = sourcecode.swift; path = SegwayPracticeUITests.swift; sourceTree = "<group>"; };
		180993A722EB9821006507A8 /* Info.plist */ = {isa = PBXFileReference; lastKnownFileType = text.plist.xml; path = Info.plist; sourceTree = "<group>"; };
/* End PBXFileReference section */

/* Begin PBXFrameworksBuildPhase section */
		1809937F22EB981F006507A8 /* Frameworks */ = {
			isa = PBXFrameworksBuildPhase;
			buildActionMask = 2147483647;
			files = (
			);
			runOnlyForDeploymentPostprocessing = 0;
		};
		1809939322EB9821006507A8 /* Frameworks */ = {
			isa = PBXFrameworksBuildPhase;
			buildActionMask = 2147483647;
			files = (
			);
			runOnlyForDeploymentPostprocessing = 0;
		};
		1809939E22EB9821006507A8 /* Frameworks */ = {
			isa = PBXFrameworksBuildPhase;
			buildActionMask = 2147483647;
			files = (
			);
			runOnlyForDeploymentPostprocessing = 0;
		};
/* End PBXFrameworksBuildPhase section */

/* Begin PBXGroup section */
		1809937922EB981F006507A8 = {
			isa = PBXGroup;
			children = (
				1809938422EB981F006507A8 /* SegwayPractice */,
				1809939922EB9821006507A8 /* SegwayPracticeTests */,
				180993A422EB9821006507A8 /* SegwayPracticeUITests */,
				1809938322EB981F006507A8 /* Products */,
			);
			sourceTree = "<group>";
		};
		1809938322EB981F006507A8 /* Products */ = {
			isa = PBXGroup;
			children = (
				1809938222EB981F006507A8 /* SegwayPractice.app */,
				1809939622EB9821006507A8 /* SegwayPracticeTests.xctest */,
				180993A122EB9821006507A8 /* SegwayPracticeUITests.xctest */,
			);
			name = Products;
			sourceTree = "<group>";
		};
		1809938422EB981F006507A8 /* SegwayPractice */ = {
			isa = PBXGroup;
			children = (
				1809938522EB981F006507A8 /* AppDelegate.swift */,
				1809938722EB981F006507A8 /* ViewController.swift */,
				1809938922EB981F006507A8 /* Main.storyboard */,
				1809938C22EB9821006507A8 /* Assets.xcassets */,
				1809938E22EB9821006507A8 /* LaunchScreen.storyboard */,
				1809939122EB9821006507A8 /* Info.plist */,
			);
			path = SegwayPractice;
			sourceTree = "<group>";
		};
		1809939922EB9821006507A8 /* SegwayPracticeTests */ = {
			isa = PBXGroup;
			children = (
				1809939A22EB9821006507A8 /* SegwayPracticeTests.swift */,
				1809939C22EB9821006507A8 /* Info.plist */,
			);
			path = SegwayPracticeTests;
			sourceTree = "<group>";
		};
		180993A422EB9821006507A8 /* SegwayPracticeUITests */ = {
			isa = PBXGroup;
			children = (
				180993A522EB9821006507A8 /* SegwayPracticeUITests.swift */,
				180993A722EB9821006507A8 /* Info.plist */,
			);
			path = SegwayPracticeUITests;
			sourceTree = "<group>";
		};
/* End PBXGroup section */

/* Begin PBXNativeTarget section */
		1809938122EB981F006507A8 /* SegwayPractice */ = {
			isa = PBXNativeTarget;
			buildConfigurationList = 180993AA22EB9821006507A8 /* Build configuration list for PBXNativeTarget "SegwayPractice" */;
			buildPhases = (
				1809937E22EB981F006507A8 /* Sources */,
				1809937F22EB981F006507A8 /* Frameworks */,
				1809938022EB981F006507A8 /* Resources */,
			);
			buildRules = (
			);
			dependencies = (
			);
			name = SegwayPractice;
			productName = SegwayPractice;
			productReference = 1809938222EB981F006507A8 /* SegwayPractice.app */;
			productType = "com.apple.product-type.application";
		};
		1809939522EB9821006507A8 /* SegwayPracticeTests */ = {
			isa = PBXNativeTarget;
			buildConfigurationList = 180993AD22EB9821006507A8 /* Build configuration list for PBXNativeTarget "SegwayPracticeTests" */;
			buildPhases = (
				1809939222EB9821006507A8 /* Sources */,
				1809939322EB9821006507A8 /* Frameworks */,
				1809939422EB9821006507A8 /* Resources */,
			);
			buildRules = (
			);
			dependencies = (
				1809939822EB9821006507A8 /* PBXTargetDependency */,
			);
			name = SegwayPracticeTests;
			productName = SegwayPracticeTests;
			productReference = 1809939622EB9821006507A8 /* SegwayPracticeTests.xctest */;
			productType = "com.apple.product-type.bundle.unit-test";
		};
		180993A022EB9821006507A8 /* SegwayPracticeUITests */ = {
			isa = PBXNativeTarget;
			buildConfigurationList = 180993B022EB9821006507A8 /* Build configuration list for PBXNativeTarget "SegwayPracticeUITests" */;
			buildPhases = (
				1809939D22EB9821006507A8 /* Sources */,
				1809939E22EB9821006507A8 /* Frameworks */,
				1809939F22EB9821006507A8 /* Resources */,
			);
			buildRules = (
			);
			dependencies = (
				180993A322EB9821006507A8 /* PBXTargetDependency */,
			);
			name = SegwayPracticeUITests;
			productName = SegwayPracticeUITests;
			productReference = 180993A122EB9821006507A8 /* SegwayPracticeUITests.xctest */;
			productType = "com.apple.product-type.bundle.ui-testing";
		};
/* End PBXNativeTarget section */

/* Begin PBXProject section */
		1809937A22EB981F006507A8 /* Project object */ = {
			isa = PBXProject;
			attributes = {
				LastSwiftUpdateCheck = 1020;
				LastUpgradeCheck = 1020;
				ORGANIZATIONNAME = "Veronica Cheung";
				TargetAttributes = {
					1809938122EB981F006507A8 = {
						CreatedOnToolsVersion = 10.2.1;
					};
					1809939522EB9821006507A8 = {
						CreatedOnToolsVersion = 10.2.1;
						TestTargetID = 1809938122EB981F006507A8;
					};
					180993A022EB9821006507A8 = {
						CreatedOnToolsVersion = 10.2.1;
						TestTargetID = 1809938122EB981F006507A8;
					};
				};
			};
			buildConfigurationList = 1809937D22EB981F006507A8 /* Build configuration list for PBXProject "SegwayPractice" */;
			compatibilityVersion = "Xcode 9.3";
			developmentRegion = en;
			hasScannedForEncodings = 0;
			knownRegions = (
				en,
				Base,
			);
			mainGroup = 1809937922EB981F006507A8;
			productRefGroup = 1809938322EB981F006507A8 /* Products */;
			projectDirPath = "";
			projectRoot = "";
			targets = (
				1809938122EB981F006507A8 /* SegwayPractice */,
				1809939522EB9821006507A8 /* SegwayPracticeTests */,
				180993A022EB9821006507A8 /* SegwayPracticeUITests */,
			);
		};
/* End PBXProject section */

/* Begin PBXResourcesBuildPhase section */
		1809938022EB981F006507A8 /* Resources */ = {
			isa = PBXResourcesBuildPhase;
			buildActionMask = 2147483647;
			files = (
				1809939022EB9821006507A8 /* LaunchScreen.storyboard in Resources */,
				1809938D22EB9821006507A8 /* Assets.xcassets in Resources */,
				1809938B22EB981F006507A8 /* Main.storyboard in Resources */,
			);
			runOnlyForDeploymentPostprocessing = 0;
		};
		1809939422EB9821006507A8 /* Resources */ = {
			isa = PBXResourcesBuildPhase;
			buildActionMask = 2147483647;
			files = (
			);
			runOnlyForDeploymentPostprocessing = 0;
		};
		1809939F22EB9821006507A8 /* Resources */ = {
			isa = PBXResourcesBuildPhase;
			buildActionMask = 2147483647;
			files = (
			);
			runOnlyForDeploymentPostprocessing = 0;
		};
/* End PBXResourcesBuildPhase section */

/* Begin PBXSourcesBuildPhase section */
		1809937E22EB981F006507A8 /* Sources */ = {
			isa = PBXSourcesBuildPhase;
			buildActionMask = 2147483647;
			files = (
				1809938822EB981F006507A8 /* ViewController.swift in Sources */,
				1809938622EB981F006507A8 /* AppDelegate.swift in Sources */,
			);
			runOnlyForDeploymentPostprocessing = 0;
		};
		1809939222EB9821006507A8 /* Sources */ = {
			isa = PBXSourcesBuildPhase;
			buildActionMask = 2147483647;
			files = (
				1809939B22EB9821006507A8 /* SegwayPracticeTests.swift in Sources */,
			);
			runOnlyForDeploymentPostprocessing = 0;
		};
		1809939D22EB9821006507A8 /* Sources */ = {
			isa = PBXSourcesBuildPhase;
			buildActionMask = 2147483647;
			files = (
				180993A622EB9821006507A8 /* SegwayPracticeUITests.swift in Sources */,
			);
			runOnlyForDeploymentPostprocessing = 0;
		};
/* End PBXSourcesBuildPhase section */

/* Begin PBXTargetDependency section */
		1809939822EB9821006507A8 /* PBXTargetDependency */ = {
			isa = PBXTargetDependency;
			target = 1809938122EB981F006507A8 /* SegwayPractice */;
			targetProxy = 1809939722EB9821006507A8 /* PBXContainerItemProxy */;
		};
		180993A322EB9821006507A8 /* PBXTargetDependency */ = {
			isa = PBXTargetDependency;
			target = 1809938122EB981F006507A8 /* SegwayPractice */;
			targetProxy = 180993A222EB9821006507A8 /* PBXContainerItemProxy */;
		};
/* End PBXTargetDependency section */

/* Begin PBXVariantGroup section */
		1809938922EB981F006507A8 /* Main.storyboard */ = {
			isa = PBXVariantGroup;
			children = (
				1809938A22EB981F006507A8 /* Base */,
			);
			name = Main.storyboard;
			sourceTree = "<group>";
		};
		1809938E22EB9821006507A8 /* LaunchScreen.storyboard */ = {
			isa = PBXVariantGroup;
			children = (
				1809938F22EB9821006507A8 /* Base */,
			);
			name = LaunchScreen.storyboard;
			sourceTree = "<group>";
		};
/* End PBXVariantGroup section */

/* Begin XCBuildConfiguration section */
		180993A822EB9821006507A8 /* Debug */ = {
			isa = XCBuildConfiguration;
			buildSettings = {
				ALWAYS_SEARCH_USER_PATHS = NO;
				CLANG_ANALYZER_NONNULL = YES;
				CLANG_ANALYZER_NUMBER_OBJECT_CONVERSION = YES_AGGRESSIVE;
				CLANG_CXX_LANGUAGE_STANDARD = "gnu++14";
				CLANG_CXX_LIBRARY = "libc++";
				CLANG_ENABLE_MODULES = YES;
				CLANG_ENABLE_OBJC_ARC = YES;
				CLANG_ENABLE_OBJC_WEAK = YES;
				CLANG_WARN_BLOCK_CAPTURE_AUTORELEASING = YES;
				CLANG_WARN_BOOL_CONVERSION = YES;
				CLANG_WARN_COMMA = YES;
				CLANG_WARN_CONSTANT_CONVERSION = YES;
				CLANG_WARN_DEPRECATED_OBJC_IMPLEMENTATIONS = YES;
				CLANG_WARN_DIRECT_OBJC_ISA_USAGE = YES_ERROR;
				CLANG_WARN_DOCUMENTATION_COMMENTS = YES;
				CLANG_WARN_EMPTY_BODY = YES;
				CLANG_WARN_ENUM_CONVERSION = YES;
				CLANG_WARN_INFINITE_RECURSION = YES;
				CLANG_WARN_INT_CONVERSION = YES;
				CLANG_WARN_NON_LITERAL_NULL_CONVERSION = YES;
				CLANG_WARN_OBJC_IMPLICIT_RETAIN_SELF = YES;
				CLANG_WARN_OBJC_LITERAL_CONVERSION = YES;
				CLANG_WARN_OBJC_ROOT_CLASS = YES_ERROR;
				CLANG_WARN_RANGE_LOOP_ANALYSIS = YES;
				CLANG_WARN_STRICT_PROTOTYPES = YES;
				CLANG_WARN_SUSPICIOUS_MOVE = YES;
				CLANG_WARN_UNGUARDED_AVAILABILITY = YES_AGGRESSIVE;
				CLANG_WARN_UNREACHABLE_CODE = YES;
				CLANG_WARN__DUPLICATE_METHOD_MATCH = YES;
				CODE_SIGN_IDENTITY = "iPhone Developer";
				COPY_PHASE_STRIP = NO;
				DEBUG_INFORMATION_FORMAT = dwarf;
				ENABLE_STRICT_OBJC_MSGSEND = YES;
				ENABLE_TESTABILITY = YES;
				GCC_C_LANGUAGE_STANDARD = gnu11;
				GCC_DYNAMIC_NO_PIC = NO;
				GCC_NO_COMMON_BLOCKS = YES;
				GCC_OPTIMIZATION_LEVEL = 0;
				GCC_PREPROCESSOR_DEFINITIONS = (
					"DEBUG=1",
					"$(inherited)",
				);
				GCC_WARN_64_TO_32_BIT_CONVERSION = YES;
				GCC_WARN_ABOUT_RETURN_TYPE = YES_ERROR;
				GCC_WARN_UNDECLARED_SELECTOR = YES;
				GCC_WARN_UNINITIALIZED_AUTOS = YES_AGGRESSIVE;
				GCC_WARN_UNUSED_FUNCTION = YES;
				GCC_WARN_UNUSED_VARIABLE = YES;
				IPHONEOS_DEPLOYMENT_TARGET = 12.2;
				MTL_ENABLE_DEBUG_INFO = INCLUDE_SOURCE;
				MTL_FAST_MATH = YES;
				ONLY_ACTIVE_ARCH = YES;
				SDKROOT = iphoneos;
				SWIFT_ACTIVE_COMPILATION_CONDITIONS = DEBUG;
				SWIFT_OPTIMIZATION_LEVEL = "-Onone";
			};
			name = Debug;
		};
		180993A922EB9821006507A8 /* Release */ = {
			isa = XCBuildConfiguration;
			buildSettings = {
				ALWAYS_SEARCH_USER_PATHS = NO;
				CLANG_ANALYZER_NONNULL = YES;
				CLANG_ANALYZER_NUMBER_OBJECT_CONVERSION = YES_AGGRESSIVE;
				CLANG_CXX_LANGUAGE_STANDARD = "gnu++14";
				CLANG_CXX_LIBRARY = "libc++";
				CLANG_ENABLE_MODULES = YES;
				CLANG_ENABLE_OBJC_ARC = YES;
				CLANG_ENABLE_OBJC_WEAK = YES;
				CLANG_WARN_BLOCK_CAPTURE_AUTORELEASING = YES;
				CLANG_WARN_BOOL_CONVERSION = YES;
				CLANG_WARN_COMMA = YES;
				CLANG_WARN_CONSTANT_CONVERSION = YES;
				CLANG_WARN_DEPRECATED_OBJC_IMPLEMENTATIONS = YES;
				CLANG_WARN_DIRECT_OBJC_ISA_USAGE = YES_ERROR;
				CLANG_WARN_DOCUMENTATION_COMMENTS = YES;
				CLANG_WARN_EMPTY_BODY = YES;
				CLANG_WARN_ENUM_CONVERSION = YES;
				CLANG_WARN_INFINITE_RECURSION = YES;
				CLANG_WARN_INT_CONVERSION = YES;
				CLANG_WARN_NON_LITERAL_NULL_CONVERSION = YES;
				CLANG_WARN_OBJC_IMPLICIT_RETAIN_SELF = YES;
				CLANG_WARN_OBJC_LITERAL_CONVERSION = YES;
				CLANG_WARN_OBJC_ROOT_CLASS = YES_ERROR;
				CLANG_WARN_RANGE_LOOP_ANALYSIS = YES;
				CLANG_WARN_STRICT_PROTOTYPES = YES;
				CLANG_WARN_SUSPICIOUS_MOVE = YES;
				CLANG_WARN_UNGUARDED_AVAILABILITY = YES_AGGRESSIVE;
				CLANG_WARN_UNREACHABLE_CODE = YES;
				CLANG_WARN__DUPLICATE_METHOD_MATCH = YES;
				CODE_SIGN_IDENTITY = "iPhone Developer";
				COPY_PHASE_STRIP = NO;
				DEBUG_INFORMATION_FORMAT = "dwarf-with-dsym";
				ENABLE_NS_ASSERTIONS = NO;
				ENABLE_STRICT_OBJC_MSGSEND = YES;
				GCC_C_LANGUAGE_STANDARD = gnu11;
				GCC_NO_COMMON_BLOCKS = YES;
				GCC_WARN_64_TO_32_BIT_CONVERSION = YES;
				GCC_WARN_ABOUT_RETURN_TYPE = YES_ERROR;
				GCC_WARN_UNDECLARED_SELECTOR = YES;
				GCC_WARN_UNINITIALIZED_AUTOS = YES_AGGRESSIVE;
				GCC_WARN_UNUSED_FUNCTION = YES;
				GCC_WARN_UNUSED_VARIABLE = YES;
				IPHONEOS_DEPLOYMENT_TARGET = 12.2;
				MTL_ENABLE_DEBUG_INFO = NO;
				MTL_FAST_MATH = YES;
				SDKROOT = iphoneos;
				SWIFT_COMPILATION_MODE = wholemodule;
				SWIFT_OPTIMIZATION_LEVEL = "-O";
				VALIDATE_PRODUCT = YES;
			};
			name = Release;
		};
		180993AB22EB9821006507A8 /* Debug */ = {
			isa = XCBuildConfiguration;
			buildSettings = {
				ASSETCATALOG_COMPILER_APPICON_NAME = AppIcon;
				CODE_SIGN_STYLE = Automatic;
				INFOPLIST_FILE = SegwayPractice/Info.plist;
				LD_RUNPATH_SEARCH_PATHS = (
					"$(inherited)",
					"@executable_path/Frameworks",
				);
				PRODUCT_BUNDLE_IDENTIFIER = kwk.SegwayPractice;
				PRODUCT_NAME = "$(TARGET_NAME)";
				SWIFT_VERSION = 5.0;
				TARGETED_DEVICE_FAMILY = "1,2";
			};
			name = Debug;
		};
		180993AC22EB9821006507A8 /* Release */ = {
			isa = XCBuildConfiguration;
			buildSettings = {
				ASSETCATALOG_COMPILER_APPICON_NAME = AppIcon;
				CODE_SIGN_STYLE = Automatic;
				INFOPLIST_FILE = SegwayPractice/Info.plist;
				LD_RUNPATH_SEARCH_PATHS = (
					"$(inherited)",
					"@executable_path/Frameworks",
				);
				PRODUCT_BUNDLE_IDENTIFIER = kwk.SegwayPractice;
				PRODUCT_NAME = "$(TARGET_NAME)";
				SWIFT_VERSION = 5.0;
				TARGETED_DEVICE_FAMILY = "1,2";
			};
			name = Release;
		};
		180993AE22EB9821006507A8 /* Debug */ = {
			isa = XCBuildConfiguration;
			buildSettings = {
				ALWAYS_EMBED_SWIFT_STANDARD_LIBRARIES = YES;
				BUNDLE_LOADER = "$(TEST_HOST)";
				CODE_SIGN_STYLE = Automatic;
				INFOPLIST_FILE = SegwayPracticeTests/Info.plist;
				LD_RUNPATH_SEARCH_PATHS = (
					"$(inherited)",
					"@executable_path/Frameworks",
					"@loader_path/Frameworks",
				);
				PRODUCT_BUNDLE_IDENTIFIER = kwk.SegwayPracticeTests;
				PRODUCT_NAME = "$(TARGET_NAME)";
				SWIFT_VERSION = 5.0;
				TARGETED_DEVICE_FAMILY = "1,2";
				TEST_HOST = "$(BUILT_PRODUCTS_DIR)/SegwayPractice.app/SegwayPractice";
			};
			name = Debug;
		};
		180993AF22EB9821006507A8 /* Release */ = {
			isa = XCBuildConfiguration;
			buildSettings = {
				ALWAYS_EMBED_SWIFT_STANDARD_LIBRARIES = YES;
				BUNDLE_LOADER = "$(TEST_HOST)";
				CODE_SIGN_STYLE = Automatic;
				INFOPLIST_FILE = SegwayPracticeTests/Info.plist;
				LD_RUNPATH_SEARCH_PATHS = (
					"$(inherited)",
					"@executable_path/Frameworks",
					"@loader_path/Frameworks",
				);
				PRODUCT_BUNDLE_IDENTIFIER = kwk.SegwayPracticeTests;
				PRODUCT_NAME = "$(TARGET_NAME)";
				SWIFT_VERSION = 5.0;
				TARGETED_DEVICE_FAMILY = "1,2";
				TEST_HOST = "$(BUILT_PRODUCTS_DIR)/SegwayPractice.app/SegwayPractice";
			};
			name = Release;
		};
		180993B122EB9821006507A8 /* Debug */ = {
			isa = XCBuildConfiguration;
			buildSettings = {
				ALWAYS_EMBED_SWIFT_STANDARD_LIBRARIES = YES;
				CODE_SIGN_STYLE = Automatic;
				INFOPLIST_FILE = SegwayPracticeUITests/Info.plist;
				LD_RUNPATH_SEARCH_PATHS = (
					"$(inherited)",
					"@executable_path/Frameworks",
					"@loader_path/Frameworks",
				);
				PRODUCT_BUNDLE_IDENTIFIER = kwk.SegwayPracticeUITests;
				PRODUCT_NAME = "$(TARGET_NAME)";
				SWIFT_VERSION = 5.0;
				TARGETED_DEVICE_FAMILY = "1,2";
				TEST_TARGET_NAME = SegwayPractice;
			};
			name = Debug;
		};
		180993B222EB9821006507A8 /* Release */ = {
			isa = XCBuildConfiguration;
			buildSettings = {
				ALWAYS_EMBED_SWIFT_STANDARD_LIBRARIES = YES;
				CODE_SIGN_STYLE = Automatic;
				INFOPLIST_FILE = SegwayPracticeUITests/Info.plist;
				LD_RUNPATH_SEARCH_PATHS = (
					"$(inherited)",
					"@executable_path/Frameworks",
					"@loader_path/Frameworks",
				);
				PRODUCT_BUNDLE_IDENTIFIER = kwk.SegwayPracticeUITests;
				PRODUCT_NAME = "$(TARGET_NAME)";
				SWIFT_VERSION = 5.0;
				TARGETED_DEVICE_FAMILY = "1,2";
				TEST_TARGET_NAME = SegwayPractice;
			};
			name = Release;
		};
/* End XCBuildConfiguration section */

/* Begin XCConfigurationList section */
		1809937D22EB981F006507A8 /* Build configuration list for PBXProject "SegwayPractice" */ = {
			isa = XCConfigurationList;
			buildConfigurations = (
				180993A822EB9821006507A8 /* Debug */,
				180993A922EB9821006507A8 /* Release */,
			);
			defaultConfigurationIsVisible = 0;
			defaultConfigurationName = Release;
		};
		180993AA22EB9821006507A8 /* Build configuration list for PBXNativeTarget "SegwayPractice" */ = {
			isa = XCConfigurationList;
			buildConfigurations = (
				180993AB22EB9821006507A8 /* Debug */,
				180993AC22EB9821006507A8 /* Release */,
			);
			defaultConfigurationIsVisible = 0;
			defaultConfigurationName = Release;
		};
		180993AD22EB9821006507A8 /* Build configuration list for PBXNativeTarget "SegwayPracticeTests" */ = {
			isa = XCConfigurationList;
			buildConfigurations = (
				180993AE22EB9821006507A8 /* Debug */,
				180993AF22EB9821006507A8 /* Release */,
			);
			defaultConfigurationIsVisible = 0;
			defaultConfigurationName = Release;
		};
		180993B022EB9821006507A8 /* Build configuration list for PBXNativeTarget "SegwayPracticeUITests" */ = {
			isa = XCConfigurationList;
			buildConfigurations = (
				180993B122EB9821006507A8 /* Debug */,
				180993B222EB9821006507A8 /* Release */,
			);
			defaultConfigurationIsVisible = 0;
			defaultConfigurationName = Release;
		};
/* End XCConfigurationList section */
	};
	rootObject = 1809937A22EB981F006507A8 /* Project object */;
}
